
Microsoft Visual Studio Solution File, Format Version 12.00
# Visual Studio Version 16
VisualStudioVersion = 16.0.30523.141
MinimumVisualStudioVersion = 10.0.40219.1
Project("{FAE04EC0-301F-11D3-BF4B-00C04F79EFBC}") = "ConsoleApp2", "ConsoleApp2.csproj", "{CA471735-EB3C-4B3D-AE0A-8F4E0D6AF5D2}"
EndProject
Project("{FAE04EC0-301F-11D3-BF4B-00C04F79EFBC}") = "ClassLibrary1", "..\ClassLibrary1\ClassLibrary1.csproj", "{815B2984-5BBB-4A01-A7AB-39D51A97A74A}"
EndProject
Global
	GlobalSection(SolutionConfigurationPlatforms) = preSolution
		Debug|Any CPU = Debug|Any CPU
		Release|Any CPU = Release|Any CPU
	EndGlobalSection
	GlobalSection(ProjectConfigurationPlatforms) = postSolution
		{CA471735-EB3C-4B3D-AE0A-8F4E0D6AF5D2}.Debug|Any CPU.ActiveCfg = Debug|Any CPU
		{CA471735-EB3C-4B3D-AE0A-8F4E0D6AF5D2}.Debug|Any CPU.Build.0 = Debug|Any CPU
		{CA471735-EB3C-4B3D-AE0A-8F4E0D6AF5D2}.Release|Any CPU.ActiveCfg = Release|Any CPU
		{CA471735-EB3C-4B3D-AE0A-8F4E0D6AF5D2}.Release|Any CPU.Build.0 = Release|Any CPU
		{815B2984-5BBB-4A01-A7AB-39D51A97A74A}.Debug|Any CPU.ActiveCfg = Debug|Any CPU
		{815B2984-5BBB-4A01-A7AB-39D51A97A74A}.Debug|Any CPU.Build.0 = Debug|Any CPU
		{815B2984-5BBB-4A01-A7AB-39D51A97A74A}.Release|Any CPU.ActiveCfg = Release|Any CPU
		{815B2984-5BBB-4A01-A7AB-39D51A97A74A}.Release|Any CPU.Build.0 = Release|Any CPU
	EndGlobalSection
	GlobalSection(SolutionProperties) = preSolution
		HideSolutionNode = FALSE
	EndGlobalSection
	GlobalSection(ExtensibilityGlobals) = postSolution
		SolutionGuid = {A0F571E1-7F09-4ABE-901C-AE17BC7E9002}
	EndGlobalSection
EndGlobal
